
Microsoft Visual Studio Solution File, Format Version 12.00
# Visual Studio Version 17
VisualStudioVersion = 17.7.34024.191
MinimumVisualStudioVersion = 10.0.40219.1
Project("{FAE04EC0-301F-11D3-BF4B-00C04F79EFBC}") = "EjPrevExam", "EjPrevExam\EjPrevExam.csproj", "{55E8C0D9-D65E-4B58-A44F-325CFDC40A00}"
EndProject
Global
	GlobalSection(SolutionConfigurationPlatforms) = preSolution
		Debug|Any CPU = Debug|Any CPU
		Release|Any CPU = Release|Any CPU
	EndGlobalSection
	GlobalSection(ProjectConfigurationPlatforms) = postSolution
		{55E8C0D9-D65E-4B58-A44F-325CFDC40A00}.Debug|Any CPU.ActiveCfg = Debug|Any CPU
		{55E8C0D9-D65E-4B58-A44F-325CFDC40A00}.Debug|Any CPU.Build.0 = Debug|Any CPU
		{55E8C0D9-D65E-4B58-A44F-325CFDC40A00}.Release|Any CPU.ActiveCfg = Release|Any CPU
		{55E8C0D9-D65E-4B58-A44F-325CFDC40A00}.Release|Any CPU.Build.0 = Release|Any CPU
	EndGlobalSection
	GlobalSection(SolutionProperties) = preSolution
		HideSolutionNode = FALSE
	EndGlobalSection
	GlobalSection(ExtensibilityGlobals) = postSolution
		SolutionGuid = {4A413012-9731-4DDE-A2D3-60BDEA35D0B7}
	EndGlobalSection
EndGlobal
